{
  "name": "@canarycoders/canaryllm",
  "version": "0.2.1",
  "lockfileVersion": 3,
  "requires": true,
  "packages": {
    "": {
      "name": "@canarycoders/canaryllm",
      "version": "0.2.1",
      "license": "MIT",
      "dependencies": {
        "@canarycoders/ai": "^0.3.0"
      },
      "engines": {
        "bun": ">=1.0.0",
        "node": ">=18"
      }
    },
    "node_modules/@canarycoders/ai": {
      "version": "0.3.0",
      "resolved": "https://registry.npmjs.org/@canarycoders/ai/-/ai-0.3.0.tgz",
      "integrity": "sha512-ofpO8g46OUByxUqmkOrI27K7KTD+MnYp44OlcSpKxT9xmYsRFRP2xUYRwdg/K5GjOrlurs0pB7WCLYVDh1lQug==",
      "engines": {
        "bun": ">=1.0.0",
        "node": ">=18"
      }
    }
  }
}
